
Microsoft Visual Studio Solution File, Format Version 12.00
# Visual Studio Version 17
VisualStudioVersion = 17.4.33103.184
MinimumVisualStudioVersion = 10.0.40219.1
Project("{8BC9CEB8-8B4A-11D0-8D11-00A0C91BC942}") = "6.2(iter)", "6.2(iter).vcxproj", "{B91AF07E-9A10-450B-AF86-133331AA1C57}"
EndProject
Project("{8BC9CEB8-8B4A-11D0-8D11-00A0C91BC942}") = "UnitTest6.2(iter)", "UnitTest6.2(iter)\UnitTest6.2(iter).vcxproj", "{210E4ED7-A195-45A9-B73C-26F514669E2D}"
EndProject
Global
	GlobalSection(SolutionConfigurationPlatforms) = preSolution
		Debug|x64 = Debug|x64
		Debug|x86 = Debug|x86
		Release|x64 = Release|x64
		Release|x86 = Release|x86
	EndGlobalSection
	GlobalSection(ProjectConfigurationPlatforms) = postSolution
		{B91AF07E-9A10-450B-AF86-133331AA1C57}.Debug|x64.ActiveCfg = Debug|x64
		{B91AF07E-9A10-450B-AF86-133331AA1C57}.Debug|x64.Build.0 = Debug|x64
		{B91AF07E-9A10-450B-AF86-133331AA1C57}.Debug|x86.ActiveCfg = Debug|Win32
		{B91AF07E-9A10-450B-AF86-133331AA1C57}.Debug|x86.Build.0 = Debug|Win32
		{B91AF07E-9A10-450B-AF86-133331AA1C57}.Release|x64.ActiveCfg = Release|x64
		{B91AF07E-9A10-450B-AF86-133331AA1C57}.Release|x64.Build.0 = Release|x64
		{B91AF07E-9A10-450B-AF86-133331AA1C57}.Release|x86.ActiveCfg = Release|Win32
		{B91AF07E-9A10-450B-AF86-133331AA1C57}.Release|x86.Build.0 = Release|Win32
		{210E4ED7-A195-45A9-B73C-26F514669E2D}.Debug|x64.ActiveCfg = Debug|x64
		{210E4ED7-A195-45A9-B73C-26F514669E2D}.Debug|x64.Build.0 = Debug|x64
		{210E4ED7-A195-45A9-B73C-26F514669E2D}.Debug|x86.ActiveCfg = Debug|Win32
		{210E4ED7-A195-45A9-B73C-26F514669E2D}.Debug|x86.Build.0 = Debug|Win32
		{210E4ED7-A195-45A9-B73C-26F514669E2D}.Release|x64.ActiveCfg = Release|x64
		{210E4ED7-A195-45A9-B73C-26F514669E2D}.Release|x64.Build.0 = Release|x64
		{210E4ED7-A195-45A9-B73C-26F514669E2D}.Release|x86.ActiveCfg = Release|Win32
		{210E4ED7-A195-45A9-B73C-26F514669E2D}.Release|x86.Build.0 = Release|Win32
	EndGlobalSection
	GlobalSection(SolutionProperties) = preSolution
		HideSolutionNode = FALSE
	EndGlobalSection
	GlobalSection(ExtensibilityGlobals) = postSolution
		SolutionGuid = {1F8F3856-7A89-494F-9D4C-CCBC8D592604}
	EndGlobalSection
EndGlobal
